
Microsoft Visual Studio Solution File, Format Version 12.00
# Visual Studio 15
VisualStudioVersion = 15.0.26730.8
MinimumVisualStudioVersion = 10.0.40219.1
Project("{FAE04EC0-301F-11D3-BF4B-00C04F79EFBC}") = "formulario", "formulario\formulario.csproj", "{F76CA8FB-7F45-437E-8A26-86AB1FC3F83C}"
EndProject
Project("{FAE04EC0-301F-11D3-BF4B-00C04F79EFBC}") = "ClassLibrary1", "ClassLibrary1\ClassLibrary1.csproj", "{57805B8C-13CD-4C5F-8257-0F72795D82F3}"
EndProject
Global
	GlobalSection(SolutionConfigurationPlatforms) = preSolution
		Debug|Any CPU = Debug|Any CPU
		Release|Any CPU = Release|Any CPU
	EndGlobalSection
	GlobalSection(ProjectConfigurationPlatforms) = postSolution
		{F76CA8FB-7F45-437E-8A26-86AB1FC3F83C}.Debug|Any CPU.ActiveCfg = Debug|Any CPU
		{F76CA8FB-7F45-437E-8A26-86AB1FC3F83C}.Debug|Any CPU.Build.0 = Debug|Any CPU
		{F76CA8FB-7F45-437E-8A26-86AB1FC3F83C}.Release|Any CPU.ActiveCfg = Release|Any CPU
		{F76CA8FB-7F45-437E-8A26-86AB1FC3F83C}.Release|Any CPU.Build.0 = Release|Any CPU
		{57805B8C-13CD-4C5F-8257-0F72795D82F3}.Debug|Any CPU.ActiveCfg = Debug|Any CPU
		{57805B8C-13CD-4C5F-8257-0F72795D82F3}.Debug|Any CPU.Build.0 = Debug|Any CPU
		{57805B8C-13CD-4C5F-8257-0F72795D82F3}.Release|Any CPU.ActiveCfg = Release|Any CPU
		{57805B8C-13CD-4C5F-8257-0F72795D82F3}.Release|Any CPU.Build.0 = Release|Any CPU
	EndGlobalSection
	GlobalSection(SolutionProperties) = preSolution
		HideSolutionNode = FALSE
	EndGlobalSection
	GlobalSection(ExtensibilityGlobals) = postSolution
		SolutionGuid = {9A7BACB9-0941-4A14-9375-0C913EEE98F1}
	EndGlobalSection
EndGlobal
